
Microsoft Visual Studio Solution File, Format Version 12.00
# Visual Studio Version 17
VisualStudioVersion = 17.9.34728.123
MinimumVisualStudioVersion = 10.0.40219.1
Project("{FAE04EC0-301F-11D3-BF4B-00C04F79EFBC}") = "24_05_2024", "24_05_2024\24_05_2024.csproj", "{89A14994-4CA5-4DF2-A82C-9B550C46559F}"
EndProject
Global
	GlobalSection(SolutionConfigurationPlatforms) = preSolution
		Debug|Any CPU = Debug|Any CPU
		Release|Any CPU = Release|Any CPU
	EndGlobalSection
	GlobalSection(ProjectConfigurationPlatforms) = postSolution
		{89A14994-4CA5-4DF2-A82C-9B550C46559F}.Debug|Any CPU.ActiveCfg = Debug|Any CPU
		{89A14994-4CA5-4DF2-A82C-9B550C46559F}.Debug|Any CPU.Build.0 = Debug|Any CPU
		{89A14994-4CA5-4DF2-A82C-9B550C46559F}.Release|Any CPU.ActiveCfg = Release|Any CPU
		{89A14994-4CA5-4DF2-A82C-9B550C46559F}.Release|Any CPU.Build.0 = Release|Any CPU
	EndGlobalSection
	GlobalSection(SolutionProperties) = preSolution
		HideSolutionNode = FALSE
	EndGlobalSection
	GlobalSection(ExtensibilityGlobals) = postSolution
		SolutionGuid = {249EED06-C1BC-4429-9991-FA3FEE5B7786}
	EndGlobalSection
EndGlobal
